
Microsoft Visual Studio Solution File, Format Version 12.00
# Visual Studio Version 16
VisualStudioVersion = 16.0.29215.179
MinimumVisualStudioVersion = 10.0.40219.1
Project("{FAE04EC0-301F-11D3-BF4B-00C04F79EFBC}") = "4lab", "4lab\4lab.csproj", "{540649D0-9DF6-4163-AAAA-C5EC5F79E9E8}"
EndProject
Global
	GlobalSection(SolutionConfigurationPlatforms) = preSolution
		Debug|Any CPU = Debug|Any CPU
		Release|Any CPU = Release|Any CPU
	EndGlobalSection
	GlobalSection(ProjectConfigurationPlatforms) = postSolution
		{540649D0-9DF6-4163-AAAA-C5EC5F79E9E8}.Debug|Any CPU.ActiveCfg = Debug|Any CPU
		{540649D0-9DF6-4163-AAAA-C5EC5F79E9E8}.Debug|Any CPU.Build.0 = Debug|Any CPU
		{540649D0-9DF6-4163-AAAA-C5EC5F79E9E8}.Release|Any CPU.ActiveCfg = Release|Any CPU
		{540649D0-9DF6-4163-AAAA-C5EC5F79E9E8}.Release|Any CPU.Build.0 = Release|Any CPU
	EndGlobalSection
	GlobalSection(SolutionProperties) = preSolution
		HideSolutionNode = FALSE
	EndGlobalSection
	GlobalSection(ExtensibilityGlobals) = postSolution
		SolutionGuid = {4C74ED61-B76D-4965-99FE-F581CE60044D}
	EndGlobalSection
EndGlobal
